// !$*UTF8*$!
{
	archiveVersion = 1;
	classes = {
	};
	objectVersion = 56;
	objects = {

/* Begin PBXBuildFile section */
		4226D3FB2976BD0400AA282D /* AppDelegate.swift in Sources */ = {isa = PBXBuildFile; fileRef = 4226D3FA2976BD0400AA282D /* AppDelegate.swift */; };
		4226D3FD2976BD0400AA282D /* SceneDelegate.swift in Sources */ = {isa = PBXBuildFile; fileRef = 4226D3FC2976BD0400AA282D /* SceneDelegate.swift */; };
		4226D4022976BD0400AA282D /* Main.storyboard in Resources */ = {isa = PBXBuildFile; fileRef = 4226D4002976BD0400AA282D /* Main.storyboard */; };
		4226D4042976BD0900AA282D /* Assets.xcassets in Resources */ = {isa = PBXBuildFile; fileRef = 4226D4032976BD0900AA282D /* Assets.xcassets */; };
		4226D4072976BD0900AA282D /* LaunchScreen.storyboard in Resources */ = {isa = PBXBuildFile; fileRef = 4226D4052976BD0900AA282D /* LaunchScreen.storyboard */; };
		4226D4102976BD8600AA282D /* WeatherModel.swift in Sources */ = {isa = PBXBuildFile; fileRef = 4226D40F2976BD8600AA282D /* WeatherModel.swift */; };
		4226D4132976BE7100AA282D /* WeatherServiceManager.swift in Sources */ = {isa = PBXBuildFile; fileRef = 4226D4122976BE7100AA282D /* WeatherServiceManager.swift */; };
		4226D4162977F2B700AA282D /* WeatherViewModel.swift in Sources */ = {isa = PBXBuildFile; fileRef = 4226D4152977F2B700AA282D /* WeatherViewModel.swift */; };
		4226D4192977F8E900AA282D /* WeatherViewController.swift in Sources */ = {isa = PBXBuildFile; fileRef = 4226D4182977F8E900AA282D /* WeatherViewController.swift */; };
		4226D41D2978309400AA282D /* WeatherView.swift in Sources */ = {isa = PBXBuildFile; fileRef = 4226D41C2978309400AA282D /* WeatherView.swift */; };
		4226D4202978319E00AA282D /* ActivityIndicatorView.swift in Sources */ = {isa = PBXBuildFile; fileRef = 4226D41F2978319E00AA282D /* ActivityIndicatorView.swift */; };
		4226D42329787F4D00AA282D /* WeatherCell.swift in Sources */ = {isa = PBXBuildFile; fileRef = 4226D42229787F4D00AA282D /* WeatherCell.swift */; };
		4226D4252978801700AA282D /* Extension.swift in Sources */ = {isa = PBXBuildFile; fileRef = 4226D4242978801700AA282D /* Extension.swift */; };
		4226D4292978A71B00AA282D /* ViewController.swift in Sources */ = {isa = PBXBuildFile; fileRef = 4226D4282978A71B00AA282D /* ViewController.swift */; };
/* End PBXBuildFile section */

/* Begin PBXFileReference section */
		4226D3F72976BD0400AA282D /* WeatherApp.app */ = {isa = PBXFileReference; explicitFileType = wrapper.application; includeInIndex = 0; path = WeatherApp.app; sourceTree = BUILT_PRODUCTS_DIR; };
		4226D3FA2976BD0400AA282D /* AppDelegate.swift */ = {isa = PBXFileReference; lastKnownFileType = sourcecode.swift; path = AppDelegate.swift; sourceTree = "<group>"; };
		4226D3FC2976BD0400AA282D /* SceneDelegate.swift */ = {isa = PBXFileReference; lastKnownFileType = sourcecode.swift; path = SceneDelegate.swift; sourceTree = "<group>"; };
		4226D4012976BD0400AA282D /* Base */ = {isa = PBXFileReference; lastKnownFileType = file.storyboard; name = Base; path = Base.lproj/Main.storyboard; sourceTree = "<group>"; };
		4226D4032976BD0900AA282D /* Assets.xcassets */ = {isa = PBXFileReference; lastKnownFileType = folder.assetcatalog; path = Assets.xcassets; sourceTree = "<group>"; };
		4226D4062976BD0900AA282D /* Base */ = {isa = PBXFileReference; lastKnownFileType = file.storyboard; name = Base; path = Base.lproj/LaunchScreen.storyboard; sourceTree = "<group>"; };
		4226D4082976BD0900AA282D /* Info.plist */ = {isa = PBXFileReference; lastKnownFileType = text.plist.xml; path = Info.plist; sourceTree = "<group>"; };
		4226D40F2976BD8600AA282D /* WeatherModel.swift */ = {isa = PBXFileReference; lastKnownFileType = sourcecode.swift; path = WeatherModel.swift; sourceTree = "<group>"; };
		4226D4122976BE7100AA282D /* WeatherServiceManager.swift */ = {isa = PBXFileReference; lastKnownFileType = sourcecode.swift; path = WeatherServiceManager.swift; sourceTree = "<group>"; };
		4226D4152977F2B700AA282D /* WeatherViewModel.swift */ = {isa = PBXFileReference; lastKnownFileType = sourcecode.swift; path = WeatherViewModel.swift; sourceTree = "<group>"; };
		4226D4182977F8E900AA282D /* WeatherViewController.swift */ = {isa = PBXFileReference; lastKnownFileType = sourcecode.swift; path = WeatherViewController.swift; sourceTree = "<group>"; };
		4226D41C2978309400AA282D /* WeatherView.swift */ = {isa = PBXFileReference; lastKnownFileType = sourcecode.swift; path = WeatherView.swift; sourceTree = "<group>"; };
		4226D41F2978319E00AA282D /* ActivityIndicatorView.swift */ = {isa = PBXFileReference; lastKnownFileType = sourcecode.swift; path = ActivityIndicatorView.swift; sourceTree = "<group>"; };
		4226D42229787F4D00AA282D /* WeatherCell.swift */ = {isa = PBXFileReference; lastKnownFileType = sourcecode.swift; path = WeatherCell.swift; sourceTree = "<group>"; };
		4226D4242978801700AA282D /* Extension.swift */ = {isa = PBXFileReference; lastKnownFileType = sourcecode.swift; path = Extension.swift; sourceTree = "<group>"; };
		4226D4282978A71B00AA282D /* ViewController.swift */ = {isa = PBXFileReference; fileEncoding = 4; lastKnownFileType = sourcecode.swift; path = ViewController.swift; sourceTree = "<group>"; };
/* End PBXFileReference section */

/* Begin PBXFrameworksBuildPhase section */
		4226D3F42976BD0400AA282D /* Frameworks */ = {
			isa = PBXFrameworksBuildPhase;
			buildActionMask = 2147483647;
			files = (
			);
			runOnlyForDeploymentPostprocessing = 0;
		};
/* End PBXFrameworksBuildPhase section */

/* Begin PBXGroup section */
		4226D3EE2976BD0400AA282D = {
			isa = PBXGroup;
			children = (
				4226D3F92976BD0400AA282D /* WeatherApp */,
				4226D3F82976BD0400AA282D /* Products */,
			);
			sourceTree = "<group>";
		};
		4226D3F82976BD0400AA282D /* Products */ = {
			isa = PBXGroup;
			children = (
				4226D3F72976BD0400AA282D /* WeatherApp.app */,
			);
			name = Products;
			sourceTree = "<group>";
		};
		4226D3F92976BD0400AA282D /* WeatherApp */ = {
			isa = PBXGroup;
			children = (
				4226D3FA2976BD0400AA282D /* AppDelegate.swift */,
				4226D3FC2976BD0400AA282D /* SceneDelegate.swift */,
				4226D4282978A71B00AA282D /* ViewController.swift */,
				4226D4272978A5BB00AA282D /* WeatherMVVM */,
				4226D41E2978318400AA282D /* Utility */,
				4226D4002976BD0400AA282D /* Main.storyboard */,
				4226D4032976BD0900AA282D /* Assets.xcassets */,
				4226D4052976BD0900AA282D /* LaunchScreen.storyboard */,
				4226D4082976BD0900AA282D /* Info.plist */,
			);
			path = WeatherApp;
			sourceTree = "<group>";
		};
		4226D40E2976BD6D00AA282D /* Model */ = {
			isa = PBXGroup;
			children = (
				4226D40F2976BD8600AA282D /* WeatherModel.swift */,
			);
			path = Model;
			sourceTree = "<group>";
		};
		4226D4112976BE4200AA282D /* WeatherServiceManager */ = {
			isa = PBXGroup;
			children = (
				4226D4122976BE7100AA282D /* WeatherServiceManager.swift */,
			);
			path = WeatherServiceManager;
			sourceTree = "<group>";
		};
		4226D4142977F28400AA282D /* WeatherViewModel */ = {
			isa = PBXGroup;
			children = (
				4226D4152977F2B700AA282D /* WeatherViewModel.swift */,
			);
			path = WeatherViewModel;
			sourceTree = "<group>";
		};
		4226D4172977F8C800AA282D /* WeatherViewController */ = {
			isa = PBXGroup;
			children = (
				4226D4182977F8E900AA282D /* WeatherViewController.swift */,
			);
			path = WeatherViewController;
			sourceTree = "<group>";
		};
		4226D41B2978307C00AA282D /* WeatherView */ = {
			isa = PBXGroup;
			children = (
				4226D41C2978309400AA282D /* WeatherView.swift */,
			);
			path = WeatherView;
			sourceTree = "<group>";
		};
		4226D41E2978318400AA282D /* Utility */ = {
			isa = PBXGroup;
			children = (
				4226D4242978801700AA282D /* Extension.swift */,
				4226D41F2978319E00AA282D /* ActivityIndicatorView.swift */,
			);
			path = Utility;
			sourceTree = "<group>";
		};
		4226D42129787F2C00AA282D /* WeatherCell */ = {
			isa = PBXGroup;
			children = (
				4226D42229787F4D00AA282D /* WeatherCell.swift */,
			);
			path = WeatherCell;
			sourceTree = "<group>";
		};
		4226D4272978A5BB00AA282D /* WeatherMVVM */ = {
			isa = PBXGroup;
			children = (
				4226D4112976BE4200AA282D /* WeatherServiceManager */,
				4226D4172977F8C800AA282D /* WeatherViewController */,
				4226D4142977F28400AA282D /* WeatherViewModel */,
				4226D41B2978307C00AA282D /* WeatherView */,
				4226D42129787F2C00AA282D /* WeatherCell */,
				4226D40E2976BD6D00AA282D /* Model */,
			);
			path = WeatherMVVM;
			sourceTree = "<group>";
		};
/* End PBXGroup section */

/* Begin PBXNativeTarget section */
		4226D3F62976BD0400AA282D /* WeatherApp */ = {
			isa = PBXNativeTarget;
			buildConfigurationList = 4226D40B2976BD0900AA282D /* Build configuration list for PBXNativeTarget "WeatherApp" */;
			buildPhases = (
				4226D3F32976BD0400AA282D /* Sources */,
				4226D3F42976BD0400AA282D /* Frameworks */,
				4226D3F52976BD0400AA282D /* Resources */,
			);
			buildRules = (
			);
			dependencies = (
			);
			name = WeatherApp;
			productName = WeatherApp;
			productReference = 4226D3F72976BD0400AA282D /* WeatherApp.app */;
			productType = "com.apple.product-type.application";
		};
/* End PBXNativeTarget section */

/* Begin PBXProject section */
		4226D3EF2976BD0400AA282D /* Project object */ = {
			isa = PBXProject;
			attributes = {
				BuildIndependentTargetsInParallel = 1;
				LastSwiftUpdateCheck = 1420;
				LastUpgradeCheck = 1420;
				TargetAttributes = {
					4226D3F62976BD0400AA282D = {
						CreatedOnToolsVersion = 14.2;
					};
				};
			};
			buildConfigurationList = 4226D3F22976BD0400AA282D /* Build configuration list for PBXProject "WeatherApp" */;
			compatibilityVersion = "Xcode 14.0";
			developmentRegion = en;
			hasScannedForEncodings = 0;
			knownRegions = (
				en,
				Base,
			);
			mainGroup = 4226D3EE2976BD0400AA282D;
			productRefGroup = 4226D3F82976BD0400AA282D /* Products */;
			projectDirPath = "";
			projectRoot = "";
			targets = (
				4226D3F62976BD0400AA282D /* WeatherApp */,
			);
		};
/* End PBXProject section */

/* Begin PBXResourcesBuildPhase section */
		4226D3F52976BD0400AA282D /* Resources */ = {
			isa = PBXResourcesBuildPhase;
			buildActionMask = 2147483647;
			files = (
				4226D4072976BD0900AA282D /* LaunchScreen.storyboard in Resources */,
				4226D4042976BD0900AA282D /* Assets.xcassets in Resources */,
				4226D4022976BD0400AA282D /* Main.storyboard in Resources */,
			);
			runOnlyForDeploymentPostprocessing = 0;
		};
/* End PBXResourcesBuildPhase section */

/* Begin PBXSourcesBuildPhase section */
		4226D3F32976BD0400AA282D /* Sources */ = {
			isa = PBXSourcesBuildPhase;
			buildActionMask = 2147483647;
			files = (
				4226D4162977F2B700AA282D /* WeatherViewModel.swift in Sources */,
				4226D42329787F4D00AA282D /* WeatherCell.swift in Sources */,
				4226D3FB2976BD0400AA282D /* AppDelegate.swift in Sources */,
				4226D4252978801700AA282D /* Extension.swift in Sources */,
				4226D4292978A71B00AA282D /* ViewController.swift in Sources */,
				4226D4102976BD8600AA282D /* WeatherModel.swift in Sources */,
				4226D4192977F8E900AA282D /* WeatherViewController.swift in Sources */,
				4226D4132976BE7100AA282D /* WeatherServiceManager.swift in Sources */,
				4226D4202978319E00AA282D /* ActivityIndicatorView.swift in Sources */,
				4226D3FD2976BD0400AA282D /* SceneDelegate.swift in Sources */,
				4226D41D2978309400AA282D /* WeatherView.swift in Sources */,
			);
			runOnlyForDeploymentPostprocessing = 0;
		};
/* End PBXSourcesBuildPhase section */

/* Begin PBXVariantGroup section */
		4226D4002976BD0400AA282D /* Main.storyboard */ = {
			isa = PBXVariantGroup;
			children = (
				4226D4012976BD0400AA282D /* Base */,
			);
			name = Main.storyboard;
			sourceTree = "<group>";
		};
		4226D4052976BD0900AA282D /* LaunchScreen.storyboard */ = {
			isa = PBXVariantGroup;
			children = (
				4226D4062976BD0900AA282D /* Base */,
			);
			name = LaunchScreen.storyboard;
			sourceTree = "<group>";
		};
/* End PBXVariantGroup section */

/* Begin XCBuildConfiguration section */
		4226D4092976BD0900AA282D /* Debug */ = {
			isa = XCBuildConfiguration;
			buildSettings = {
				ALWAYS_SEARCH_USER_PATHS = NO;
				CLANG_ANALYZER_NONNULL = YES;
				CLANG_ANALYZER_NUMBER_OBJECT_CONVERSION = YES_AGGRESSIVE;
				CLANG_CXX_LANGUAGE_STANDARD = "gnu++20";
				CLANG_ENABLE_MODULES = YES;
				CLANG_ENABLE_OBJC_ARC = YES;
				CLANG_ENABLE_OBJC_WEAK = YES;
				CLANG_WARN_BLOCK_CAPTURE_AUTORELEASING = YES;
				CLANG_WARN_BOOL_CONVERSION = YES;
				CLANG_WARN_COMMA = YES;
				CLANG_WARN_CONSTANT_CONVERSION = YES;
				CLANG_WARN_DEPRECATED_OBJC_IMPLEMENTATIONS = YES;
				CLANG_WARN_DIRECT_OBJC_ISA_USAGE = YES_ERROR;
				CLANG_WARN_DOCUMENTATION_COMMENTS = YES;
				CLANG_WARN_EMPTY_BODY = YES;
				CLANG_WARN_ENUM_CONVERSION = YES;
				CLANG_WARN_INFINITE_RECURSION = YES;
				CLANG_WARN_INT_CONVERSION = YES;
				CLANG_WARN_NON_LITERAL_NULL_CONVERSION = YES;
				CLANG_WARN_OBJC_IMPLICIT_RETAIN_SELF = YES;
				CLANG_WARN_OBJC_LITERAL_CONVERSION = YES;
				CLANG_WARN_OBJC_ROOT_CLASS = YES_ERROR;
				CLANG_WARN_QUOTED_INCLUDE_IN_FRAMEWORK_HEADER = YES;
				CLANG_WARN_RANGE_LOOP_ANALYSIS = YES;
				CLANG_WARN_STRICT_PROTOTYPES = YES;
				CLANG_WARN_SUSPICIOUS_MOVE = YES;
				CLANG_WARN_UNGUARDED_AVAILABILITY = YES_AGGRESSIVE;
				CLANG_WARN_UNREACHABLE_CODE = YES;
				CLANG_WARN__DUPLICATE_METHOD_MATCH = YES;
				COPY_PHASE_STRIP = NO;
				DEBUG_INFORMATION_FORMAT = dwarf;
				ENABLE_STRICT_OBJC_MSGSEND = YES;
				ENABLE_TESTABILITY = YES;
				GCC_C_LANGUAGE_STANDARD = gnu11;
				GCC_DYNAMIC_NO_PIC = NO;
				GCC_NO_COMMON_BLOCKS = YES;
				GCC_OPTIMIZATION_LEVEL = 0;
				GCC_PREPROCESSOR_DEFINITIONS = (
					"DEBUG=1",
					"$(inherited)",
				);
				GCC_WARN_64_TO_32_BIT_CONVERSION = YES;
				GCC_WARN_ABOUT_RETURN_TYPE = YES_ERROR;
				GCC_WARN_UNDECLARED_SELECTOR = YES;
				GCC_WARN_UNINITIALIZED_AUTOS = YES_AGGRESSIVE;
				GCC_WARN_UNUSED_FUNCTION = YES;
				GCC_WARN_UNUSED_VARIABLE = YES;
				IPHONEOS_DEPLOYMENT_TARGET = 16.2;
				MTL_ENABLE_DEBUG_INFO = INCLUDE_SOURCE;
				MTL_FAST_MATH = YES;
				ONLY_ACTIVE_ARCH = YES;
				SDKROOT = iphoneos;
				SWIFT_ACTIVE_COMPILATION_CONDITIONS = DEBUG;
				SWIFT_OPTIMIZATION_LEVEL = "-Onone";
			};
			name = Debug;
		};
		4226D40A2976BD0900AA282D /* Release */ = {
			isa = XCBuildConfiguration;
			buildSettings = {
				ALWAYS_SEARCH_USER_PATHS = NO;
				CLANG_ANALYZER_NONNULL = YES;
				CLANG_ANALYZER_NUMBER_OBJECT_CONVERSION = YES_AGGRESSIVE;
				CLANG_CXX_LANGUAGE_STANDARD = "gnu++20";
				CLANG_ENABLE_MODULES = YES;
				CLANG_ENABLE_OBJC_ARC = YES;
				CLANG_ENABLE_OBJC_WEAK = YES;
				CLANG_WARN_BLOCK_CAPTURE_AUTORELEASING = YES;
				CLANG_WARN_BOOL_CONVERSION = YES;
				CLANG_WARN_COMMA = YES;
				CLANG_WARN_CONSTANT_CONVERSION = YES;
				CLANG_WARN_DEPRECATED_OBJC_IMPLEMENTATIONS = YES;
				CLANG_WARN_DIRECT_OBJC_ISA_USAGE = YES_ERROR;
				CLANG_WARN_DOCUMENTATION_COMMENTS = YES;
				CLANG_WARN_EMPTY_BODY = YES;
				CLANG_WARN_ENUM_CONVERSION = YES;
				CLANG_WARN_INFINITE_RECURSION = YES;
				CLANG_WARN_INT_CONVERSION = YES;
				CLANG_WARN_NON_LITERAL_NULL_CONVERSION = YES;
				CLANG_WARN_OBJC_IMPLICIT_RETAIN_SELF = YES;
				CLANG_WARN_OBJC_LITERAL_CONVERSION = YES;
				CLANG_WARN_OBJC_ROOT_CLASS = YES_ERROR;
				CLANG_WARN_QUOTED_INCLUDE_IN_FRAMEWORK_HEADER = YES;
				CLANG_WARN_RANGE_LOOP_ANALYSIS = YES;
				CLANG_WARN_STRICT_PROTOTYPES = YES;
				CLANG_WARN_SUSPICIOUS_MOVE = YES;
				CLANG_WARN_UNGUARDED_AVAILABILITY = YES_AGGRESSIVE;
				CLANG_WARN_UNREACHABLE_CODE = YES;
				CLANG_WARN__DUPLICATE_METHOD_MATCH = YES;
				COPY_PHASE_STRIP = NO;
				DEBUG_INFORMATION_FORMAT = "dwarf-with-dsym";
				ENABLE_NS_ASSERTIONS = NO;
				ENABLE_STRICT_OBJC_MSGSEND = YES;
				GCC_C_LANGUAGE_STANDARD = gnu11;
				GCC_NO_COMMON_BLOCKS = YES;
				GCC_WARN_64_TO_32_BIT_CONVERSION = YES;
				GCC_WARN_ABOUT_RETURN_TYPE = YES_ERROR;
				GCC_WARN_UNDECLARED_SELECTOR = YES;
				GCC_WARN_UNINITIALIZED_AUTOS = YES_AGGRESSIVE;
				GCC_WARN_UNUSED_FUNCTION = YES;
				GCC_WARN_UNUSED_VARIABLE = YES;
				IPHONEOS_DEPLOYMENT_TARGET = 16.2;
				MTL_ENABLE_DEBUG_INFO = NO;
				MTL_FAST_MATH = YES;
				SDKROOT = iphoneos;
				SWIFT_COMPILATION_MODE = wholemodule;
				SWIFT_OPTIMIZATION_LEVEL = "-O";
				VALIDATE_PRODUCT = YES;
			};
			name = Release;
		};
		4226D40C2976BD0900AA282D /* Debug */ = {
			isa = XCBuildConfiguration;
			buildSettings = {
				ASSETCATALOG_COMPILER_APPICON_NAME = AppIcon;
				ASSETCATALOG_COMPILER_GLOBAL_ACCENT_COLOR_NAME = AccentColor;
				CODE_SIGN_STYLE = Automatic;
				CURRENT_PROJECT_VERSION = 1;
				DEVELOPMENT_TEAM = 8XQULQ85QY;
				GENERATE_INFOPLIST_FILE = YES;
				INFOPLIST_FILE = WeatherApp/Info.plist;
				INFOPLIST_KEY_UIApplicationSupportsIndirectInputEvents = YES;
				INFOPLIST_KEY_UILaunchStoryboardName = LaunchScreen;
				INFOPLIST_KEY_UIMainStoryboardFile = Main;
				INFOPLIST_KEY_UISupportedInterfaceOrientations_iPad = "UIInterfaceOrientationPortrait UIInterfaceOrientationPortraitUpsideDown UIInterfaceOrientationLandscapeLeft UIInterfaceOrientationLandscapeRight";
				INFOPLIST_KEY_UISupportedInterfaceOrientations_iPhone = "UIInterfaceOrientationPortrait UIInterfaceOrientationLandscapeLeft UIInterfaceOrientationLandscapeRight";
				LD_RUNPATH_SEARCH_PATHS = (
					"$(inherited)",
					"@executable_path/Frameworks",
				);
				MARKETING_VERSION = 1.0;
				PRODUCT_BUNDLE_IDENTIFIER = com.ajayawasthi.WeatherApp;
				PRODUCT_NAME = "$(TARGET_NAME)";
				SWIFT_EMIT_LOC_STRINGS = YES;
				SWIFT_VERSION = 5.0;
				TARGETED_DEVICE_FAMILY = "1,2";
			};
			name = Debug;
		};
		4226D40D2976BD0900AA282D /* Release */ = {
			isa = XCBuildConfiguration;
			buildSettings = {
				ASSETCATALOG_COMPILER_APPICON_NAME = AppIcon;
				ASSETCATALOG_COMPILER_GLOBAL_ACCENT_COLOR_NAME = AccentColor;
				CODE_SIGN_STYLE = Automatic;
				CURRENT_PROJECT_VERSION = 1;
				DEVELOPMENT_TEAM = 8XQULQ85QY;
				GENERATE_INFOPLIST_FILE = YES;
				INFOPLIST_FILE = WeatherApp/Info.plist;
				INFOPLIST_KEY_UIApplicationSupportsIndirectInputEvents = YES;
				INFOPLIST_KEY_UILaunchStoryboardName = LaunchScreen;
				INFOPLIST_KEY_UIMainStoryboardFile = Main;
				INFOPLIST_KEY_UISupportedInterfaceOrientations_iPad = "UIInterfaceOrientationPortrait UIInterfaceOrientationPortraitUpsideDown UIInterfaceOrientationLandscapeLeft UIInterfaceOrientationLandscapeRight";
				INFOPLIST_KEY_UISupportedInterfaceOrientations_iPhone = "UIInterfaceOrientationPortrait UIInterfaceOrientationLandscapeLeft UIInterfaceOrientationLandscapeRight";
				LD_RUNPATH_SEARCH_PATHS = (
					"$(inherited)",
					"@executable_path/Frameworks",
				);
				MARKETING_VERSION = 1.0;
				PRODUCT_BUNDLE_IDENTIFIER = com.ajayawasthi.WeatherApp;
				PRODUCT_NAME = "$(TARGET_NAME)";
				SWIFT_EMIT_LOC_STRINGS = YES;
				SWIFT_VERSION = 5.0;
				TARGETED_DEVICE_FAMILY = "1,2";
			};
			name = Release;
		};
/* End XCBuildConfiguration section */

/* Begin XCConfigurationList section */
		4226D3F22976BD0400AA282D /* Build configuration list for PBXProject "WeatherApp" */ = {
			isa = XCConfigurationList;
			buildConfigurations = (
				4226D4092976BD0900AA282D /* Debug */,
				4226D40A2976BD0900AA282D /* Release */,
			);
			defaultConfigurationIsVisible = 0;
			defaultConfigurationName = Release;
		};
		4226D40B2976BD0900AA282D /* Build configuration list for PBXNativeTarget "WeatherApp" */ = {
			isa = XCConfigurationList;
			buildConfigurations = (
				4226D40C2976BD0900AA282D /* Debug */,
				4226D40D2976BD0900AA282D /* Release */,
			);
			defaultConfigurationIsVisible = 0;
			defaultConfigurationName = Release;
		};
/* End XCConfigurationList section */
	};
	rootObject = 4226D3EF2976BD0400AA282D /* Project object */;
}
